
Microsoft Visual Studio Solution File, Format Version 12.00
# Visual Studio 14
VisualStudioVersion = 14.0.23107.0
MinimumVisualStudioVersion = 10.0.40219.1
Project("{FAE04EC0-301F-11D3-BF4B-00C04F79EFBC}") = "SharpLoader", "SharpLoader\SharpLoader.csproj", "{085560FF-3DA0-4BC6-8FCA-3F62D478F1F8}"
EndProject
Project("{FAE04EC0-301F-11D3-BF4B-00C04F79EFBC}") = "FFMPEG", "FFMPEG\FFMPEG.csproj", "{3C985B0E-EE59-4649-A823-3C356BEECC5E}"
EndProject
Project("{FAE04EC0-301F-11D3-BF4B-00C04F79EFBC}") = "SharpLoader.Utils", "SharpLoader.Utils\SharpLoader.Utils.csproj", "{8D494558-EBA4-4861-97AF-CD4E2A233552}"
EndProject
Global
	GlobalSection(SolutionConfigurationPlatforms) = preSolution
		Debug|Any CPU = Debug|Any CPU
		Debug|ARM = Debug|ARM
		Debug|x64 = Debug|x64
		Debug|x86 = Debug|x86
		Release|Any CPU = Release|Any CPU
		Release|ARM = Release|ARM
		Release|x64 = Release|x64
		Release|x86 = Release|x86
	EndGlobalSection
	GlobalSection(ProjectConfigurationPlatforms) = postSolution
		{085560FF-3DA0-4BC6-8FCA-3F62D478F1F8}.Debug|Any CPU.ActiveCfg = Debug|Any CPU
		{085560FF-3DA0-4BC6-8FCA-3F62D478F1F8}.Debug|Any CPU.Build.0 = Debug|Any CPU
		{085560FF-3DA0-4BC6-8FCA-3F62D478F1F8}.Debug|ARM.ActiveCfg = Debug|Any CPU
		{085560FF-3DA0-4BC6-8FCA-3F62D478F1F8}.Debug|x64.ActiveCfg = Debug|Any CPU
		{085560FF-3DA0-4BC6-8FCA-3F62D478F1F8}.Debug|x86.ActiveCfg = Debug|Any CPU
		{085560FF-3DA0-4BC6-8FCA-3F62D478F1F8}.Release|Any CPU.ActiveCfg = Release|Any CPU
		{085560FF-3DA0-4BC6-8FCA-3F62D478F1F8}.Release|Any CPU.Build.0 = Release|Any CPU
		{085560FF-3DA0-4BC6-8FCA-3F62D478F1F8}.Release|ARM.ActiveCfg = Release|Any CPU
		{085560FF-3DA0-4BC6-8FCA-3F62D478F1F8}.Release|x64.ActiveCfg = Release|Any CPU
		{085560FF-3DA0-4BC6-8FCA-3F62D478F1F8}.Release|x86.ActiveCfg = Release|Any CPU
		{3C985B0E-EE59-4649-A823-3C356BEECC5E}.Debug|Any CPU.ActiveCfg = Debug|Any CPU
		{3C985B0E-EE59-4649-A823-3C356BEECC5E}.Debug|Any CPU.Build.0 = Debug|Any CPU
		{3C985B0E-EE59-4649-A823-3C356BEECC5E}.Debug|ARM.ActiveCfg = Debug|Any CPU
		{3C985B0E-EE59-4649-A823-3C356BEECC5E}.Debug|ARM.Build.0 = Debug|Any CPU
		{3C985B0E-EE59-4649-A823-3C356BEECC5E}.Debug|x64.ActiveCfg = Debug|Any CPU
		{3C985B0E-EE59-4649-A823-3C356BEECC5E}.Debug|x64.Build.0 = Debug|Any CPU
		{3C985B0E-EE59-4649-A823-3C356BEECC5E}.Debug|x86.ActiveCfg = Debug|Any CPU
		{3C985B0E-EE59-4649-A823-3C356BEECC5E}.Debug|x86.Build.0 = Debug|Any CPU
		{3C985B0E-EE59-4649-A823-3C356BEECC5E}.Release|Any CPU.ActiveCfg = Release|Any CPU
		{3C985B0E-EE59-4649-A823-3C356BEECC5E}.Release|Any CPU.Build.0 = Release|Any CPU
		{3C985B0E-EE59-4649-A823-3C356BEECC5E}.Release|ARM.ActiveCfg = Release|Any CPU
		{3C985B0E-EE59-4649-A823-3C356BEECC5E}.Release|ARM.Build.0 = Release|Any CPU
		{3C985B0E-EE59-4649-A823-3C356BEECC5E}.Release|x64.ActiveCfg = Release|Any CPU
		{3C985B0E-EE59-4649-A823-3C356BEECC5E}.Release|x64.Build.0 = Release|Any CPU
		{3C985B0E-EE59-4649-A823-3C356BEECC5E}.Release|x86.ActiveCfg = Release|Any CPU
		{3C985B0E-EE59-4649-A823-3C356BEECC5E}.Release|x86.Build.0 = Release|Any CPU
		{8D494558-EBA4-4861-97AF-CD4E2A233552}.Debug|Any CPU.ActiveCfg = Debug|Any CPU
		{8D494558-EBA4-4861-97AF-CD4E2A233552}.Debug|Any CPU.Build.0 = Debug|Any CPU
		{8D494558-EBA4-4861-97AF-CD4E2A233552}.Debug|ARM.ActiveCfg = Debug|Any CPU
		{8D494558-EBA4-4861-97AF-CD4E2A233552}.Debug|ARM.Build.0 = Debug|Any CPU
		{8D494558-EBA4-4861-97AF-CD4E2A233552}.Debug|x64.ActiveCfg = Debug|Any CPU
		{8D494558-EBA4-4861-97AF-CD4E2A233552}.Debug|x64.Build.0 = Debug|Any CPU
		{8D494558-EBA4-4861-97AF-CD4E2A233552}.Debug|x86.ActiveCfg = Debug|Any CPU
		{8D494558-EBA4-4861-97AF-CD4E2A233552}.Debug|x86.Build.0 = Debug|Any CPU
		{8D494558-EBA4-4861-97AF-CD4E2A233552}.Release|Any CPU.ActiveCfg = Release|Any CPU
		{8D494558-EBA4-4861-97AF-CD4E2A233552}.Release|Any CPU.Build.0 = Release|Any CPU
		{8D494558-EBA4-4861-97AF-CD4E2A233552}.Release|ARM.ActiveCfg = Release|Any CPU
		{8D494558-EBA4-4861-97AF-CD4E2A233552}.Release|ARM.Build.0 = Release|Any CPU
		{8D494558-EBA4-4861-97AF-CD4E2A233552}.Release|x64.ActiveCfg = Release|Any CPU
		{8D494558-EBA4-4861-97AF-CD4E2A233552}.Release|x64.Build.0 = Release|Any CPU
		{8D494558-EBA4-4861-97AF-CD4E2A233552}.Release|x86.ActiveCfg = Release|Any CPU
		{8D494558-EBA4-4861-97AF-CD4E2A233552}.Release|x86.Build.0 = Release|Any CPU
	EndGlobalSection
	GlobalSection(SolutionProperties) = preSolution
		HideSolutionNode = FALSE
	EndGlobalSection
EndGlobal
